<?xml version="1.0" encoding="utf-8"?>
<Project ToolsVersion="4.0" xmlns="http://schemas.microsoft.com/developer/msbuild/2003">
  <ItemGroup>
    <Filter Include="Source Files">
      <UniqueIdentifier>{4FC737F1-C7A5-4376-A066-2A32D752A2FF}</UniqueIdentifier>
      <Extensions>cpp;c;cc;cxx;c++;cppm;ixx;def;odl;idl;hpj;bat;asm;asmx</Extensions>
    </Filter>
    <Filter Include="Header Files">
      <UniqueIdentifier>{93995380-89BD-4b04-88EB-625FBE52EBFB}</UniqueIdentifier>
      <Extensions>h;hh;hpp;hxx;h++;hm;inl;inc;ipp;xsd</Extensions>
    </Filter>
    <Filter Include="Resource Files">
      <UniqueIdentifier>{67DA6AB6-F800-4c08-8B7A-83BB121AAD01}</UniqueIdentifier>
      <Extensions>rc;ico;cur;bmp;dlg;rc2;rct;bin;rgs;gif;jpg;jpeg;jpe;resx;tiff;tif;png;wav;mfcribbon-ms</Extensions>
    </Filter>
    <Filter Include="Resource Files\general tank">
      <UniqueIdentifier>{5afeb9ce-d25e-4d00-8d62-cc6295a917ae}</UniqueIdentifier>
    </Filter>
    <Filter Include="Resource Files\tank ver1">
      <UniqueIdentifier>{eb1c2cd0-8855-4a00-81fa-559e8ad40a0f}</UniqueIdentifier>
    </Filter>
    <Filter Include="Resource Files\texture">
      <UniqueIdentifier>{e360365b-c76b-46a3-b1a4-6b469a116959}</UniqueIdentifier>
    </Filter>
    <Filter Include="Resource Files\bullet">
      <UniqueIdentifier>{a10c098d-e0cb-4f63-8597-f18371fbfcf2}</UniqueIdentifier>
    </Filter>
    <Filter Include="Resource Files\IniFile">
      <UniqueIdentifier>{a851ad87-55b7-43db-adaa-6ae38a55fd09}</UniqueIdentifier>
    </Filter>
    <Filter Include="Resource Files\block">
      <UniqueIdentifier>{d24e0f9d-b60a-4c2b-b72f-c6ebd15c6dc3}</UniqueIdentifier>
    </Filter>
  </ItemGroup>
  <ItemGroup>
    <ClCompile Include="game.cpp">
      <Filter>Source Files</Filter>
    </ClCompile>
    <ClCompile Include="Object.cpp">
      <Filter>Source Files</Filter>
    </ClCompile>
    <ClCompile Include="Hero.cpp">
      <Filter>Source Files</Filter>
    </ClCompile>
    <ClCompile Include="Time.cpp">
      <Filter>Source Files</Filter>
    </ClCompile>
    <ClCompile Include="Animation.cpp">
      <Filter>Source Files</Filter>
    </ClCompile>
    <ClCompile Include="Land.cpp">
      <Filter>Source Files</Filter>
    </ClCompile>
    <ClCompile Include="Bullet.cpp">
      <Filter>Source Files</Filter>
    </ClCompile>
    <ClCompile Include="Enemy.cpp">
      <Filter>Source Files</Filter>
    </ClCompile>
    <ClCompile Include="Block.cpp">
      <Filter>Source Files</Filter>
    </ClCompile>
  </ItemGroup>
  <ItemGroup>
    <ClInclude Include="Framework.h">
      <Filter>Header Files</Filter>
    </ClInclude>
    <ClInclude Include="Object.h">
      <Filter>Header Files</Filter>
    </ClInclude>
    <ClInclude Include="Hero.h">
      <Filter>Header Files</Filter>
    </ClInclude>
    <ClInclude Include="Time.h">
      <Filter>Header Files</Filter>
    </ClInclude>
    <ClInclude Include="Animation.h">
      <Filter>Header Files</Filter>
    </ClInclude>
    <ClInclude Include="Land.h">
      <Filter>Header Files</Filter>
    </ClInclude>
    <ClInclude Include="Bullet.h">
      <Filter>Header Files</Filter>
    </ClInclude>
    <ClInclude Include="Enemy.h">
      <Filter>Header Files</Filter>
    </ClInclude>
    <ClInclude Include="Block.h">
      <Filter>Header Files</Filter>
    </ClInclude>
  </ItemGroup>
  <ItemGroup>
    <Library Include="FrameworkRelease_x64.lib">
      <Filter>Header Files</Filter>
    </Library>
  </ItemGroup>
  <ItemGroup>
    <None Include="FrameworkRelease_x64.dll">
      <Filter>Header Files</Filter>
    </None>
    <None Include="bullet.ini">
      <Filter>Resource Files\IniFile</Filter>
    </None>
    <None Include="land.ini">
      <Filter>Resource Files\IniFile</Filter>
    </None>
    <None Include="Hero_model_ver1.ini">
      <Filter>Resource Files\IniFile</Filter>
    </None>
    <None Include="Hero_model.ini">
      <Filter>Resource Files\IniFile</Filter>
    </None>
    <None Include="block.ini">
      <Filter>Resource Files\IniFile</Filter>
    </None>
  </ItemGroup>
  <ItemGroup>
    <Image Include="FrontAnimaiot1.tga">
      <Filter>Resource Files\general tank</Filter>
    </Image>
    <Image Include="FrontAnimaiot2.tga">
      <Filter>Resource Files\general tank</Filter>
    </Image>
    <Image Include="Leftside1.tga">
      <Filter>Resource Files\general tank</Filter>
    </Image>
    <Image Include="Leftside2.tga">
      <Filter>Resource Files\general tank</Filter>
    </Image>
    <Image Include="RightSde1.tga">
      <Filter>Resource Files\general tank</Filter>
    </Image>
    <Image Include="RightSde2.tga">
      <Filter>Resource Files\general tank</Filter>
    </Image>
    <Image Include="BottomSide1.tga">
      <Filter>Resource Files\general tank</Filter>
    </Image>
    <Image Include="BottomSide2.tga">
      <Filter>Resource Files\general tank</Filter>
    </Image>
    <Image Include="Tank_Botton1.tga">
      <Filter>Resource Files\tank ver1</Filter>
    </Image>
    <Image Include="Tank_Botton2.tga">
      <Filter>Resource Files\tank ver1</Filter>
    </Image>
    <Image Include="Tank_Botton3.tga">
      <Filter>Resource Files\tank ver1</Filter>
    </Image>
    <Image Include="Tank_Front1.tga">
      <Filter>Resource Files\tank ver1</Filter>
    </Image>
    <Image Include="Tank_Front2.tga">
      <Filter>Resource Files\tank ver1</Filter>
    </Image>
    <Image Include="Tank_Front3.tga">
      <Filter>Resource Files\tank ver1</Filter>
    </Image>
    <Image Include="Tank_Left1.tga">
      <Filter>Resource Files\tank ver1</Filter>
    </Image>
    <Image Include="Tank_Left2.tga">
      <Filter>Resource Files\tank ver1</Filter>
    </Image>
    <Image Include="Tank_Left3.tga">
      <Filter>Resource Files\tank ver1</Filter>
    </Image>
    <Image Include="Tank_Right1.tga">
      <Filter>Resource Files\tank ver1</Filter>
    </Image>
    <Image Include="Tank_Right2.tga">
      <Filter>Resource Files\tank ver1</Filter>
    </Image>
    <Image Include="Tank_Right3.tga">
      <Filter>Resource Files\tank ver1</Filter>
    </Image>
    <Image Include="BottomSide3.tga">
      <Filter>Resource Files\general tank</Filter>
    </Image>
    <Image Include="FrontAnimaiot3.tga">
      <Filter>Resource Files\general tank</Filter>
    </Image>
    <Image Include="Leftside3.tga">
      <Filter>Resource Files\general tank</Filter>
    </Image>
    <Image Include="RightSde3.tga">
      <Filter>Resource Files\general tank</Filter>
    </Image>
    <Image Include="Land.tga">
      <Filter>Resource Files\texture</Filter>
    </Image>
    <Image Include="bullet1.tga">
      <Filter>Resource Files\bullet</Filter>
    </Image>
    <Image Include="bullet2.tga">
      <Filter>Resource Files\bullet</Filter>
    </Image>
    <Image Include="bullet3.tga">
      <Filter>Resource Files\bullet</Filter>
    </Image>
    <Image Include="bullet4.tga">
      <Filter>Resource Files\bullet</Filter>
    </Image>
    <Image Include="bullet5.tga">
      <Filter>Resource Files\bullet</Filter>
    </Image>
    <Image Include="bullet6.tga">
      <Filter>Resource Files\bullet</Filter>
    </Image>
    <Image Include="brick.tga">
      <Filter>Resource Files\block</Filter>
    </Image>
    <Image Include="Tank_Botton4.tga">
      <Filter>Resource Files\tank ver1</Filter>
    </Image>
    <Image Include="Tank_Right4.tga">
      <Filter>Resource Files\tank ver1</Filter>
    </Image>
    <Image Include="Tank_Left4.tga">
      <Filter>Resource Files\tank ver1</Filter>
    </Image>
    <Image Include="Image.bmp">
      <Filter>Resource Files\tank ver1</Filter>
    </Image>
    <Image Include="Tank_Front4.tga">
      <Filter>Resource Files\tank ver1</Filter>
    </Image>
  </ItemGroup>
</Project>