<?xml version="1.0" encoding="utf-8"?>
<Project ToolsVersion="4.0" xmlns="http://schemas.microsoft.com/developer/msbuild/2003">
  <ItemGroup>
    <Filter Include="Source Files">
      <UniqueIdentifier>{4FC737F1-C7A5-4376-A066-2A32D752A2FF}</UniqueIdentifier>
      <Extensions>cpp;c;cc;cxx;c++;cppm;ixx;def;odl;idl;hpj;bat;asm;asmx</Extensions>
    </Filter>
    <Filter Include="Header Files">
      <UniqueIdentifier>{93995380-89BD-4b04-88EB-625FBE52EBFB}</UniqueIdentifier>
      <Extensions>h;hh;hpp;hxx;h++;hm;inl;inc;ipp;xsd</Extensions>
    </Filter>
    <Filter Include="Resource Files">
      <UniqueIdentifier>{67DA6AB6-F800-4c08-8B7A-83BB121AAD01}</UniqueIdentifier>
      <Extensions>rc;ico;cur;bmp;dlg;rc2;rct;bin;rgs;gif;jpg;jpeg;jpe;resx;tiff;tif;png;wav;mfcribbon-ms</Extensions>
    </Filter>
  </ItemGroup>
  <ItemGroup>
    <ClCompile Include="game.cpp">
      <Filter>Source Files</Filter>
    </ClCompile>
    <ClCompile Include="Object.cpp">
      <Filter>Source Files</Filter>
    </ClCompile>
    <ClCompile Include="Hero.cpp">
      <Filter>Source Files</Filter>
    </ClCompile>
    <ClCompile Include="Time.cpp">
      <Filter>Source Files</Filter>
    </ClCompile>
    <ClCompile Include="Animation.cpp">
      <Filter>Source Files</Filter>
    </ClCompile>
    <ClCompile Include="Land.cpp">
      <Filter>Source Files</Filter>
    </ClCompile>
    <ClCompile Include="Bullet.cpp">
      <Filter>Source Files</Filter>
    </ClCompile>
    <ClCompile Include="Enemy.cpp">
      <Filter>Source Files</Filter>
    </ClCompile>
    <ClCompile Include="Block.cpp">
      <Filter>Source Files</Filter>
    </ClCompile>
    <ClCompile Include="Map.cpp">
      <Filter>Source Files</Filter>
    </ClCompile>
    <ClCompile Include="Preset.cpp">
      <Filter>Source Files</Filter>
    </ClCompile>
    <ClCompile Include="Logic.cpp">
      <Filter>Source Files</Filter>
    </ClCompile>
    <ClCompile Include="Upgrade.cpp">
      <Filter>Source Files</Filter>
    </ClCompile>
  </ItemGroup>
  <ItemGroup>
    <ClInclude Include="Framework.h">
      <Filter>Header Files</Filter>
    </ClInclude>
    <ClInclude Include="Object.h">
      <Filter>Header Files</Filter>
    </ClInclude>
    <ClInclude Include="Hero.h">
      <Filter>Header Files</Filter>
    </ClInclude>
    <ClInclude Include="Time.h">
      <Filter>Header Files</Filter>
    </ClInclude>
    <ClInclude Include="Animation.h">
      <Filter>Header Files</Filter>
    </ClInclude>
    <ClInclude Include="Land.h">
      <Filter>Header Files</Filter>
    </ClInclude>
    <ClInclude Include="Bullet.h">
      <Filter>Header Files</Filter>
    </ClInclude>
    <ClInclude Include="Enemy.h">
      <Filter>Header Files</Filter>
    </ClInclude>
    <ClInclude Include="Block.h">
      <Filter>Header Files</Filter>
    </ClInclude>
    <ClInclude Include="Map.h">
      <Filter>Header Files</Filter>
    </ClInclude>
    <ClInclude Include="Preset.h">
      <Filter>Header Files</Filter>
    </ClInclude>
    <ClInclude Include="Logic.h">
      <Filter>Header Files</Filter>
    </ClInclude>
    <ClInclude Include="Upgrade.h">
      <Filter>Header Files</Filter>
    </ClInclude>
  </ItemGroup>
  <ItemGroup>
    <Image Include="data\upgrade\model\bonusGear.tga">
      <Filter>Resource Files</Filter>
    </Image>
    <Image Include="data\tank\model\model1\BottomSide1.tga">
      <Filter>Resource Files</Filter>
    </Image>
    <Image Include="data\tank\model\model1\BottomSide2.tga">
      <Filter>Resource Files</Filter>
    </Image>
    <Image Include="data\tank\model\model1\BottomSide3.tga">
      <Filter>Resource Files</Filter>
    </Image>
    <Image Include="data\block\brick\model\old\brick.tga">
      <Filter>Resource Files</Filter>
    </Image>
    <Image Include="data\block\brick\model\old\brickBottom.tga">
      <Filter>Resource Files</Filter>
    </Image>
    <Image Include="data\block\brick\model\old\brickFront.tga">
      <Filter>Resource Files</Filter>
    </Image>
    <Image Include="data\block\brick\model\old\brickLeft.tga">
      <Filter>Resource Files</Filter>
    </Image>
    <Image Include="data\block\brick\model\old\brickRigth.tga">
      <Filter>Resource Files</Filter>
    </Image>
    <Image Include="data\bullet\model\bullet1.tga">
      <Filter>Resource Files</Filter>
    </Image>
    <Image Include="data\bullet\model\bullet2.tga">
      <Filter>Resource Files</Filter>
    </Image>
    <Image Include="data\bullet\model\bullet3.tga">
      <Filter>Resource Files</Filter>
    </Image>
    <Image Include="data\bullet\model\bullet4.tga">
      <Filter>Resource Files</Filter>
    </Image>
    <Image Include="data\bullet\model\bullet5.tga">
      <Filter>Resource Files</Filter>
    </Image>
    <Image Include="data\bullet\model\bullet6.tga">
      <Filter>Resource Files</Filter>
    </Image>
    <Image Include="data\upgrade\model\extraLife.tga">
      <Filter>Resource Files</Filter>
    </Image>
    <Image Include="data\tank\model\model1\FrontAnimaiot1.tga">
      <Filter>Resource Files</Filter>
    </Image>
    <Image Include="data\tank\model\model1\FrontAnimaiot2.tga">
      <Filter>Resource Files</Filter>
    </Image>
    <Image Include="data\tank\model\model1\FrontAnimaiot3.tga">
      <Filter>Resource Files</Filter>
    </Image>
    <Image Include="data\land\model\Land1.tga">
      <Filter>Resource Files</Filter>
    </Image>
    <Image Include="data\block\leafs\model\leafsBlock.tga">
      <Filter>Resource Files</Filter>
    </Image>
    <Image Include="data\tank\model\model1\Leftside1.tga">
      <Filter>Resource Files</Filter>
    </Image>
    <Image Include="data\tank\model\model1\Leftside2.tga">
      <Filter>Resource Files</Filter>
    </Image>
    <Image Include="data\tank\model\model1\Leftside3.tga">
      <Filter>Resource Files</Filter>
    </Image>
    <Image Include="data\block\monument\model\monumentBlock.tga">
      <Filter>Resource Files</Filter>
    </Image>
    <Image Include="data\block\brick\model\new\oneUnit.tga">
      <Filter>Resource Files</Filter>
    </Image>
    <Image Include="data\tank\model\model1\RightSde1.tga">
      <Filter>Resource Files</Filter>
    </Image>
    <Image Include="data\tank\model\model1\RightSde2.tga">
      <Filter>Resource Files</Filter>
    </Image>
    <Image Include="data\tank\model\model1\RightSde3.tga">
      <Filter>Resource Files</Filter>
    </Image>
    <Image Include="data\upgrade\model\rockIt.tga">
      <Filter>Resource Files</Filter>
    </Image>
    <Image Include="data\block\steel\model\old\steelBlock.tga">
      <Filter>Resource Files</Filter>
    </Image>
    <Image Include="data\block\steel\model\old\steelBlockBottom.tga">
      <Filter>Resource Files</Filter>
    </Image>
    <Image Include="data\block\steel\model\old\steelBlockFront.tga">
      <Filter>Resource Files</Filter>
    </Image>
    <Image Include="data\block\steel\model\old\steelBlockLeft.tga">
      <Filter>Resource Files</Filter>
    </Image>
    <Image Include="data\block\steel\model\old\steelBlockRight.tga">
      <Filter>Resource Files</Filter>
    </Image>
    <Image Include="data\block\steel\model\new\stellUnit.tga">
      <Filter>Resource Files</Filter>
    </Image>
    <Image Include="data\tank\model\model2\Tank_Botton1.tga">
      <Filter>Resource Files</Filter>
    </Image>
    <Image Include="data\tank\model\model2\Tank_Botton2.tga">
      <Filter>Resource Files</Filter>
    </Image>
    <Image Include="data\tank\model\model2\Tank_Botton3.tga">
      <Filter>Resource Files</Filter>
    </Image>
    <Image Include="data\tank\model\model2\Tank_Botton4.tga">
      <Filter>Resource Files</Filter>
    </Image>
    <Image Include="data\tank\model\model2\Tank_Front1.tga">
      <Filter>Resource Files</Filter>
    </Image>
    <Image Include="data\tank\model\model2\Tank_Front2.tga">
      <Filter>Resource Files</Filter>
    </Image>
    <Image Include="data\tank\model\model2\Tank_Front3.tga">
      <Filter>Resource Files</Filter>
    </Image>
    <Image Include="data\tank\model\model2\Tank_Front4.tga">
      <Filter>Resource Files</Filter>
    </Image>
    <Image Include="data\tank\model\model2\Tank_Left1.tga">
      <Filter>Resource Files</Filter>
    </Image>
    <Image Include="data\tank\model\model2\Tank_Left2.tga">
      <Filter>Resource Files</Filter>
    </Image>
    <Image Include="data\tank\model\model2\Tank_Left3.tga">
      <Filter>Resource Files</Filter>
    </Image>
    <Image Include="data\tank\model\model2\Tank_Left4.tga">
      <Filter>Resource Files</Filter>
    </Image>
    <Image Include="data\tank\model\model2\Tank_Right1.tga">
      <Filter>Resource Files</Filter>
    </Image>
    <Image Include="data\tank\model\model2\Tank_Right2.tga">
      <Filter>Resource Files</Filter>
    </Image>
    <Image Include="data\tank\model\model2\Tank_Right3.tga">
      <Filter>Resource Files</Filter>
    </Image>
    <Image Include="data\tank\model\model2\Tank_Right4.tga">
      <Filter>Resource Files</Filter>
    </Image>
    <Image Include="data\tank\model\model3\tank_ver_1Bottom1.tga">
      <Filter>Resource Files</Filter>
    </Image>
    <Image Include="data\tank\model\model3\tank_ver_1Front1.tga">
      <Filter>Resource Files</Filter>
    </Image>
    <Image Include="data\tank\model\model3\tank_ver_1Left1.tga">
      <Filter>Resource Files</Filter>
    </Image>
    <Image Include="data\tank\model\model3\tank_ver_1Right1.tga">
      <Filter>Resource Files</Filter>
    </Image>
    <Image Include="data\upgrade\model\upgradeTank.tga">
      <Filter>Resource Files</Filter>
    </Image>
    <Image Include="data\block\water\model\water1.tga">
      <Filter>Resource Files</Filter>
    </Image>
    <Image Include="data\block\water\model\water2.tga">
      <Filter>Resource Files</Filter>
    </Image>
    <Image Include="data\block\water\model\water3.tga">
      <Filter>Resource Files</Filter>
    </Image>
    <Image Include="data\block\water\model\water4.tga">
      <Filter>Resource Files</Filter>
    </Image>
    <Image Include="data\block\water\model\water5.tga">
      <Filter>Resource Files</Filter>
    </Image>
    <Image Include="data\block\water\model\water6.tga">
      <Filter>Resource Files</Filter>
    </Image>
    <Image Include="data\upgrade\model\youUnderestimateMyPower.tga">
      <Filter>Resource Files</Filter>
    </Image>
    <Image Include="data\land\model\land.tga">
      <Filter>Resource Files</Filter>
    </Image>
    <Image Include="data\tank\model\modelEnemy2\Tank_Botton1.tga" />
    <Image Include="data\tank\model\modelEnemy2\Tank_Botton2.tga" />
    <Image Include="data\tank\model\modelEnemy2\Tank_Botton3.tga" />
    <Image Include="data\tank\model\modelEnemy2\Tank_Botton4.tga" />
    <Image Include="data\tank\model\modelEnemy2\Tank_Front1.tga" />
    <Image Include="data\tank\model\modelEnemy2\Tank_Front2.tga" />
    <Image Include="data\tank\model\modelEnemy2\Tank_Front3.tga" />
    <Image Include="data\tank\model\modelEnemy2\Tank_Front4.tga" />
    <Image Include="data\tank\model\modelEnemy2\Tank_Left1.tga" />
    <Image Include="data\tank\model\modelEnemy2\Tank_Left2.tga" />
    <Image Include="data\tank\model\modelEnemy2\Tank_Left3.tga" />
    <Image Include="data\tank\model\modelEnemy2\Tank_Left4.tga" />
    <Image Include="data\tank\model\modelEnemy2\Tank_Right1.tga" />
    <Image Include="data\tank\model\modelEnemy2\Tank_Right2.tga" />
    <Image Include="data\tank\model\modelEnemy2\Tank_Right3.tga" />
    <Image Include="data\tank\model\modelEnemy2\Tank_Right4.tga" />
    <Image Include="data\tank\model\modelEnemyFast\Tank_Fast_Botton1.tga" />
    <Image Include="data\tank\model\modelEnemyFast\Tank_Fast_Botton2.tga" />
    <Image Include="data\tank\model\modelEnemyFast\Tank_Fast_Botton3.tga" />
    <Image Include="data\tank\model\modelEnemyFast\Tank_Fast_Botton4.tga" />
    <Image Include="data\tank\model\modelEnemyFast\Tank_Fast_Front1.tga" />
    <Image Include="data\tank\model\modelEnemyFast\Tank_Fast_Front2.tga" />
    <Image Include="data\tank\model\modelEnemyFast\Tank_Fast_Front3.tga" />
    <Image Include="data\tank\model\modelEnemyFast\Tank_Fast_Front4.tga" />
    <Image Include="data\tank\model\modelEnemyFast\Tank_Fast_Left1.tga" />
    <Image Include="data\tank\model\modelEnemyFast\Tank_Fast_Left2.tga" />
    <Image Include="data\tank\model\modelEnemyFast\Tank_Fast_Left3.tga" />
    <Image Include="data\tank\model\modelEnemyFast\Tank_Fast_Left4.tga" />
    <Image Include="data\tank\model\modelEnemyFast\Tank_Fast_Right1.tga" />
    <Image Include="data\tank\model\modelEnemyFast\Tank_Fast_Right2.tga" />
    <Image Include="data\tank\model\modelEnemyFast\Tank_Fast_Right3.tga" />
    <Image Include="data\tank\model\modelEnemyFast\Tank_Fast_Right4.tga" />
    <Image Include="data\tank\model\modelEnemyArmor\armorTankfront1.tga" />
    <Image Include="data\tank\model\modelEnemyArmor\armorTankfront2.tga" />
    <Image Include="data\tank\model\modelEnemyArmor\armorTankfront3.tga" />
    <Image Include="data\tank\model\modelEnemyArmor\armorTankBottom1.tga" />
    <Image Include="data\tank\model\modelEnemyArmor\armorTankBottom2.tga" />
    <Image Include="data\tank\model\modelEnemyArmor\armorTankBottom3.tga" />
    <Image Include="data\tank\model\modelEnemyArmor\armorTankLeft3.tga" />
    <Image Include="data\tank\model\modelEnemyArmor\armorTankRight2.tga" />
    <Image Include="data\tank\model\modelEnemyArmor\armorTankRight1.tga" />
    <Image Include="data\tank\model\modelEnemyArmor\armorTankRight3.tga" />
    <Image Include="data\tank\model\modelEnemyArmor\armorTankLeft2.tga" />
    <Image Include="data\tank\model\modelEnemyArmor\armorTankLeft1.tga" />
    <Image Include="data\tank\model\modelEnemyPower\Tank_Power_Right1.tga" />
    <Image Include="data\tank\model\modelEnemyPower\Tank_Power_Right2.tga" />
    <Image Include="data\tank\model\modelEnemyPower\Tank_Power_Right3.tga" />
    <Image Include="data\tank\model\modelEnemyPower\Tank_Power_Right4.tga" />
    <Image Include="data\tank\model\modelEnemyPower\Tank_Power_Left4.tga" />
    <Image Include="data\tank\model\modelEnemyPower\Tank_Power_Left3.tga" />
    <Image Include="data\tank\model\modelEnemyPower\Tank_Power_Left2.tga" />
    <Image Include="data\tank\model\modelEnemyPower\Tank_Power_Left1.tga" />
    <Image Include="data\tank\model\modelEnemyPower\Tank_Power_Front4.tga" />
    <Image Include="data\tank\model\modelEnemyPower\Tank_Power_Front3.tga" />
    <Image Include="data\tank\model\modelEnemyPower\Tank_Power_Front2.tga" />
    <Image Include="data\tank\model\modelEnemyPower\Tank_Power_Front1.tga" />
    <Image Include="data\tank\model\modelEnemyEasy\Tank_Easy_Botton1.tga" />
    <Image Include="data\tank\model\modelEnemyEasy\Tank_Easy_Botton2.tga" />
    <Image Include="data\tank\model\modelEnemyEasy\Tank_Easy_Botton3.tga" />
    <Image Include="data\tank\model\modelEnemyEasy\Tank_Easy_Front1.tga" />
    <Image Include="data\tank\model\modelEnemyEasy\Tank_Easy_Front2.tga" />
    <Image Include="data\tank\model\modelEnemyEasy\Tank_Easy_Front3.tga" />
    <Image Include="data\tank\model\modelEnemyEasy\Tank_Easy_Left1.tga" />
    <Image Include="data\tank\model\modelEnemyEasy\Tank_Easy_Left2.tga" />
    <Image Include="data\tank\model\modelEnemyEasy\Tank_Easy_Left3.tga" />
    <Image Include="data\tank\model\modelEnemyEasy\Tank_Easy_Right1.tga" />
    <Image Include="data\tank\model\modelEnemyEasy\Tank_Easy_Right2.tga" />
    <Image Include="data\tank\model\modelEnemyEasy\Tank_Easy_Right3.tga" />
    <Image Include="data\tank\model\modelEnemyPower\Tank_Power_Botom4.tga" />
    <Image Include="data\tank\model\modelEnemyPower\Tank_Power_Botom3.tga" />
    <Image Include="data\tank\model\modelEnemyPower\Tank_Power_Botom2.tga" />
    <Image Include="data\tank\model\modelEnemyPower\Tank_Power_Botom1.tga" />
    <Image Include="data\tank\model\modelEnemyArmor\first\armorTankBottom1.tga" />
    <Image Include="data\tank\model\modelEnemyArmor\first\armorTankBottom2.tga" />
    <Image Include="data\tank\model\modelEnemyArmor\first\armorTankBottom3.tga" />
    <Image Include="data\tank\model\modelEnemyArmor\first\armorTankfront1.tga" />
    <Image Include="data\tank\model\modelEnemyArmor\first\armorTankfront2.tga" />
    <Image Include="data\tank\model\modelEnemyArmor\first\armorTankfront3.tga" />
    <Image Include="data\tank\model\modelEnemyArmor\first\armorTankLeft1.tga" />
    <Image Include="data\tank\model\modelEnemyArmor\first\armorTankLeft2.tga" />
    <Image Include="data\tank\model\modelEnemyArmor\first\armorTankLeft3.tga" />
    <Image Include="data\tank\model\modelEnemyArmor\first\armorTankRight1.tga" />
    <Image Include="data\tank\model\modelEnemyArmor\first\armorTankRight2.tga" />
    <Image Include="data\tank\model\modelEnemyArmor\first\armorTankRight3.tga" />
    <Image Include="data\tank\model\modelEnemyArmor\second\armorTankBottom1.tga" />
    <Image Include="data\tank\model\modelEnemyArmor\second\armorTankBottom2.tga" />
    <Image Include="data\tank\model\modelEnemyArmor\second\armorTankBottom3.tga" />
    <Image Include="data\tank\model\modelEnemyArmor\second\armorTankfront1.tga" />
    <Image Include="data\tank\model\modelEnemyArmor\second\armorTankfront2.tga" />
    <Image Include="data\tank\model\modelEnemyArmor\second\armorTankfront3.tga" />
    <Image Include="data\tank\model\modelEnemyArmor\second\armorTankLeft1.tga" />
    <Image Include="data\tank\model\modelEnemyArmor\second\armorTankLeft2.tga" />
    <Image Include="data\tank\model\modelEnemyArmor\second\armorTankLeft3.tga" />
    <Image Include="data\tank\model\modelEnemyArmor\second\armorTankRight1.tga" />
    <Image Include="data\tank\model\modelEnemyArmor\second\armorTankRight2.tga" />
    <Image Include="data\tank\model\modelEnemyArmor\second\armorTankRight3.tga" />
    <Image Include="data\tank\model\model3\Tank_Power_Botom1.tga" />
    <Image Include="data\tank\model\model3\Tank_Power_Botom2.tga" />
    <Image Include="data\tank\model\model3\Tank_Power_Botom3.tga" />
    <Image Include="data\tank\model\model3\Tank_Power_Botom4.tga" />
    <Image Include="data\tank\model\model3\Tank_Power_Front1.tga" />
    <Image Include="data\tank\model\model3\Tank_Power_Front2.tga" />
    <Image Include="data\tank\model\model3\Tank_Power_Front3.tga" />
    <Image Include="data\tank\model\model3\Tank_Power_Front4.tga" />
    <Image Include="data\tank\model\model3\Tank_Power_Left1.tga" />
    <Image Include="data\tank\model\model3\Tank_Power_Left2.tga" />
    <Image Include="data\tank\model\model3\Tank_Power_Left3.tga" />
    <Image Include="data\tank\model\model3\Tank_Power_Left4.tga" />
    <Image Include="data\tank\model\model3\Tank_Power_Right1.tga" />
    <Image Include="data\tank\model\model3\Tank_Power_Right2.tga" />
    <Image Include="data\tank\model\model3\Tank_Power_Right3.tga" />
    <Image Include="data\tank\model\model3\Tank_Power_Right4.tga" />
    <Image Include="data\tank\model\model4\Tank_Fast_Botton1.tga" />
    <Image Include="data\tank\model\model4\Tank_Fast_Botton2.tga" />
    <Image Include="data\tank\model\model4\Tank_Fast_Botton3.tga" />
    <Image Include="data\tank\model\model4\Tank_Fast_Botton4.tga" />
    <Image Include="data\tank\model\model4\Tank_Fast_Front1.tga" />
    <Image Include="data\tank\model\model4\Tank_Fast_Front2.tga" />
    <Image Include="data\tank\model\model4\Tank_Fast_Front3.tga" />
    <Image Include="data\tank\model\model4\Tank_Fast_Front4.tga" />
    <Image Include="data\tank\model\model4\Tank_Fast_Left1.tga" />
    <Image Include="data\tank\model\model4\Tank_Fast_Left2.tga" />
    <Image Include="data\tank\model\model4\Tank_Fast_Left4.tga" />
    <Image Include="data\tank\model\model4\Tank_Fast_Left3.tga" />
    <Image Include="data\tank\model\model4\Tank_Fast_Right1.tga" />
    <Image Include="data\tank\model\model4\Tank_Fast_Right2.tga" />
    <Image Include="data\tank\model\model4\Tank_Fast_Right3.tga" />
    <Image Include="data\tank\model\model4\Tank_Fast_Right4.tga" />
  </ItemGroup>
  <ItemGroup>
    <None Include="FrameworkRelease_x64.dll" />
    <None Include="data\block\brick\BLK.ini">
      <Filter>Resource Files</Filter>
    </None>
    <None Include="data\block\brick\block.ini">
      <Filter>Resource Files</Filter>
    </None>
    <None Include="data\bullet\bullet.ini">
      <Filter>Resource Files</Filter>
    </None>
    <None Include="data\upgrade\darkSidePower.ini">
      <Filter>Resource Files</Filter>
    </None>
    <None Include="data\tank\preset\Hero_preset1.ini">
      <Filter>Resource Files</Filter>
    </None>
    <None Include="data\tank\preset\Hero_preset2.ini">
      <Filter>Resource Files</Filter>
    </None>
    <None Include="data\land\land.ini">
      <Filter>Resource Files</Filter>
    </None>
    <None Include="data\block\leafs\leafs.ini">
      <Filter>Resource Files</Filter>
    </None>
    <None Include="data\map\Map.ini">
      <Filter>Resource Files</Filter>
    </None>
    <None Include="data\map\Map2.ini">
      <Filter>Resource Files</Filter>
    </None>
    <None Include="data\block\monument\monument.ini">
      <Filter>Resource Files</Filter>
    </None>
    <None Include="data\block\steel\SBL.ini">
      <Filter>Resource Files</Filter>
    </None>
    <None Include="data\block\steel\steel.ini">
      <Filter>Resource Files</Filter>
    </None>
    <None Include="data\map\TemplateMap.ini">
      <Filter>Resource Files</Filter>
    </None>
    <None Include="data\upgrade\upgradeArrow.ini">
      <Filter>Resource Files</Filter>
    </None>
    <None Include="data\upgrade\upgradeBonusGear.ini">
      <Filter>Resource Files</Filter>
    </None>
    <None Include="data\upgrade\upgradeRockIt.ini">
      <Filter>Resource Files</Filter>
    </None>
    <None Include="data\block\water\water.ini">
      <Filter>Resource Files</Filter>
    </None>
    <None Include="data\tank\preset\WidthTank.ini">
      <Filter>Resource Files</Filter>
    </None>
    <None Include="data\tank\init\enemyFastInit.ini" />
    <None Include="data\tank\init\armorTank.ini" />
    <None Include="data\tank\preset\arrmorPreset.ini" />
    <None Include="data\map\allMap.ini" />
    <None Include="data\tank\init\powerTank.ini" />
    <None Include="data\tank\init\easyTank.ini" />
    <None Include="data\tank\preset\fastPreset.ini" />
    <None Include="data\tank\preset\easyPreset.ini" />
    <None Include="data\tank\preset\powerTank.ini" />
    <None Include="data\tank\init\armorTankSec.ini" />
    <None Include="data\tank\preset\Hero_preset3.ini" />
    <None Include="data\tank\preset\Hero_preset4.ini" />
    <None Include="data\tank\init\widhtTank.ini">
      <Filter>Resource Files</Filter>
    </None>
    <None Include="data\tank\init\modeHero1.ini">
      <Filter>Resource Files</Filter>
    </None>
    <None Include="data\tank\init\modeHero2.ini">
      <Filter>Resource Files</Filter>
    </None>
    <None Include="data\tank\init\modeHero3.ini" />
    <None Include="data\tank\init\modeHero4.ini" />
    <None Include="data\map\FirstMap.ini" />
  </ItemGroup>
  <ItemGroup>
    <Library Include="FrameworkRelease_x64.lib" />
  </ItemGroup>
</Project>